
Microsoft Visual Studio Solution File, Format Version 12.00
# Visual Studio 15
VisualStudioVersion = 15.0.26730.16
MinimumVisualStudioVersion = 10.0.40219.1
Project("{FAE04EC0-301F-11D3-BF4B-00C04F79EFBC}") = "01.CountWorkingDays", "CountWorkingDays\01.CountWorkingDays.csproj", "{3E9ADB9A-CD9D-4BEC-A018-C33AA754C3B8}"
EndProject
Project("{FAE04EC0-301F-11D3-BF4B-00C04F79EFBC}") = "02.AdvertisementMessage", "AdvertisementMessage\02.AdvertisementMessage.csproj", "{B12F4ADF-1EDF-4759-A42A-5336E934D940}"
EndProject
Project("{FAE04EC0-301F-11D3-BF4B-00C04F79EFBC}") = "03.IntersectionOfCircles", "IntersectionOfCircles\03.IntersectionOfCircles.csproj", "{57A50C14-5EE7-40A8-9860-B89D9F607A1A}"
EndProject
Project("{FAE04EC0-301F-11D3-BF4B-00C04F79EFBC}") = "04.AverageGrades", "AverageGrades\04.AverageGrades.csproj", "{B628EF1F-C45A-4905-A248-52B8B518A910}"
EndProject
Project("{FAE04EC0-301F-11D3-BF4B-00C04F79EFBC}") = "05.BookLibrary", "BookLibrary\05.BookLibrary.csproj", "{CADBB4CC-692A-4E7A-82F3-5DC4E64A14B9}"
EndProject
Project("{FAE04EC0-301F-11D3-BF4B-00C04F79EFBC}") = "06.BookLibraryModification", "BookLibraryModification\06.BookLibraryModification.csproj", "{DE98D368-4569-46EA-B64E-C7E693F5112C}"
EndProject
Project("{FAE04EC0-301F-11D3-BF4B-00C04F79EFBC}") = "07.AndreyAndBilliard", "AndreyAndBilliard\07.AndreyAndBilliard.csproj", "{1B87A0DD-C4AA-4AC3-B263-2F264CB3B988}"
EndProject
Project("{FAE04EC0-301F-11D3-BF4B-00C04F79EFBC}") = "08.MentorGroup", "MentorGroup\08.MentorGroup.csproj", "{7B8D4063-629D-402A-A7C0-38FE3719ADEC}"
EndProject
Project("{FAE04EC0-301F-11D3-BF4B-00C04F79EFBC}") = "09.TeamworkProjects", "TeamworkProjects\09.TeamworkProjects.csproj", "{0F1C7CCD-8BC9-46B2-BD27-4077BFEE5E8C}"
EndProject
Project("{FAE04EC0-301F-11D3-BF4B-00C04F79EFBC}") = "10.StudentGroups", "StudentGroups\10.StudentGroups.csproj", "{E984BA08-63D3-479A-BC62-3E266785C183}"
EndProject
Global
	GlobalSection(SolutionConfigurationPlatforms) = preSolution
		Debug|Any CPU = Debug|Any CPU
		Release|Any CPU = Release|Any CPU
	EndGlobalSection
	GlobalSection(ProjectConfigurationPlatforms) = postSolution
		{3E9ADB9A-CD9D-4BEC-A018-C33AA754C3B8}.Debug|Any CPU.ActiveCfg = Debug|Any CPU
		{3E9ADB9A-CD9D-4BEC-A018-C33AA754C3B8}.Debug|Any CPU.Build.0 = Debug|Any CPU
		{3E9ADB9A-CD9D-4BEC-A018-C33AA754C3B8}.Release|Any CPU.ActiveCfg = Release|Any CPU
		{3E9ADB9A-CD9D-4BEC-A018-C33AA754C3B8}.Release|Any CPU.Build.0 = Release|Any CPU
		{B12F4ADF-1EDF-4759-A42A-5336E934D940}.Debug|Any CPU.ActiveCfg = Debug|Any CPU
		{B12F4ADF-1EDF-4759-A42A-5336E934D940}.Debug|Any CPU.Build.0 = Debug|Any CPU
		{B12F4ADF-1EDF-4759-A42A-5336E934D940}.Release|Any CPU.ActiveCfg = Release|Any CPU
		{B12F4ADF-1EDF-4759-A42A-5336E934D940}.Release|Any CPU.Build.0 = Release|Any CPU
		{57A50C14-5EE7-40A8-9860-B89D9F607A1A}.Debug|Any CPU.ActiveCfg = Debug|Any CPU
		{57A50C14-5EE7-40A8-9860-B89D9F607A1A}.Debug|Any CPU.Build.0 = Debug|Any CPU
		{57A50C14-5EE7-40A8-9860-B89D9F607A1A}.Release|Any CPU.ActiveCfg = Release|Any CPU
		{57A50C14-5EE7-40A8-9860-B89D9F607A1A}.Release|Any CPU.Build.0 = Release|Any CPU
		{B628EF1F-C45A-4905-A248-52B8B518A910}.Debug|Any CPU.ActiveCfg = Debug|Any CPU
		{B628EF1F-C45A-4905-A248-52B8B518A910}.Debug|Any CPU.Build.0 = Debug|Any CPU
		{B628EF1F-C45A-4905-A248-52B8B518A910}.Release|Any CPU.ActiveCfg = Release|Any CPU
		{B628EF1F-C45A-4905-A248-52B8B518A910}.Release|Any CPU.Build.0 = Release|Any CPU
		{CADBB4CC-692A-4E7A-82F3-5DC4E64A14B9}.Debug|Any CPU.ActiveCfg = Debug|Any CPU
		{CADBB4CC-692A-4E7A-82F3-5DC4E64A14B9}.Debug|Any CPU.Build.0 = Debug|Any CPU
		{CADBB4CC-692A-4E7A-82F3-5DC4E64A14B9}.Release|Any CPU.ActiveCfg = Release|Any CPU
		{CADBB4CC-692A-4E7A-82F3-5DC4E64A14B9}.Release|Any CPU.Build.0 = Release|Any CPU
		{DE98D368-4569-46EA-B64E-C7E693F5112C}.Debug|Any CPU.ActiveCfg = Debug|Any CPU
		{DE98D368-4569-46EA-B64E-C7E693F5112C}.Debug|Any CPU.Build.0 = Debug|Any CPU
		{DE98D368-4569-46EA-B64E-C7E693F5112C}.Release|Any CPU.ActiveCfg = Release|Any CPU
		{DE98D368-4569-46EA-B64E-C7E693F5112C}.Release|Any CPU.Build.0 = Release|Any CPU
		{1B87A0DD-C4AA-4AC3-B263-2F264CB3B988}.Debug|Any CPU.ActiveCfg = Debug|Any CPU
		{1B87A0DD-C4AA-4AC3-B263-2F264CB3B988}.Debug|Any CPU.Build.0 = Debug|Any CPU
		{1B87A0DD-C4AA-4AC3-B263-2F264CB3B988}.Release|Any CPU.ActiveCfg = Release|Any CPU
		{1B87A0DD-C4AA-4AC3-B263-2F264CB3B988}.Release|Any CPU.Build.0 = Release|Any CPU
		{7B8D4063-629D-402A-A7C0-38FE3719ADEC}.Debug|Any CPU.ActiveCfg = Debug|Any CPU
		{7B8D4063-629D-402A-A7C0-38FE3719ADEC}.Debug|Any CPU.Build.0 = Debug|Any CPU
		{7B8D4063-629D-402A-A7C0-38FE3719ADEC}.Release|Any CPU.ActiveCfg = Release|Any CPU
		{7B8D4063-629D-402A-A7C0-38FE3719ADEC}.Release|Any CPU.Build.0 = Release|Any CPU
		{0F1C7CCD-8BC9-46B2-BD27-4077BFEE5E8C}.Debug|Any CPU.ActiveCfg = Debug|Any CPU
		{0F1C7CCD-8BC9-46B2-BD27-4077BFEE5E8C}.Debug|Any CPU.Build.0 = Debug|Any CPU
		{0F1C7CCD-8BC9-46B2-BD27-4077BFEE5E8C}.Release|Any CPU.ActiveCfg = Release|Any CPU
		{0F1C7CCD-8BC9-46B2-BD27-4077BFEE5E8C}.Release|Any CPU.Build.0 = Release|Any CPU
		{E984BA08-63D3-479A-BC62-3E266785C183}.Debug|Any CPU.ActiveCfg = Debug|Any CPU
		{E984BA08-63D3-479A-BC62-3E266785C183}.Debug|Any CPU.Build.0 = Debug|Any CPU
		{E984BA08-63D3-479A-BC62-3E266785C183}.Release|Any CPU.ActiveCfg = Release|Any CPU
		{E984BA08-63D3-479A-BC62-3E266785C183}.Release|Any CPU.Build.0 = Release|Any CPU
	EndGlobalSection
	GlobalSection(SolutionProperties) = preSolution
		HideSolutionNode = FALSE
	EndGlobalSection
	GlobalSection(ExtensibilityGlobals) = postSolution
		SolutionGuid = {CAD190A9-E927-4B86-8A68-F280A3817558}
	EndGlobalSection
EndGlobal
