
Microsoft Visual Studio Solution File, Format Version 12.00
# Visual Studio 15
VisualStudioVersion = 15.0.26730.16
MinimumVisualStudioVersion = 10.0.40219.1
Project("{FAE04EC0-301F-11D3-BF4B-00C04F79EFBC}") = "01.MaxSequenceOfEqualElements", "MaxSequenceOfEqualElements\01.MaxSequenceOfEqualElements.csproj", "{B84F739A-66DC-4700-97E4-AE70E43D146B}"
EndProject
Project("{FAE04EC0-301F-11D3-BF4B-00C04F79EFBC}") = "02.ChangeList", "ChangeList\02.ChangeList.csproj", "{3AC37846-F969-49AF-BA8D-2EDBBC759D89}"
EndProject
Project("{FAE04EC0-301F-11D3-BF4B-00C04F79EFBC}") = "03.SearchForANumber", "SearchForANumber\03.SearchForANumber.csproj", "{D18856F5-9816-4ACE-B35A-DAC22DC0FFDD}"
EndProject
Project("{FAE04EC0-301F-11D3-BF4B-00C04F79EFBC}") = "04.LongestIncreasingSubsequence", "LongestIncreasingSubsequence\04.LongestIncreasingSubsequence.csproj", "{D3CC980F-E215-4D5B-A2D6-14F986539D46}"
EndProject
Project("{FAE04EC0-301F-11D3-BF4B-00C04F79EFBC}") = "05.ArrayManipulatorr", "ArrayManipulatorr\05.ArrayManipulatorr.csproj", "{8C609D51-5FA1-4190-A36F-C840C72F1326}"
EndProject
Project("{FAE04EC0-301F-11D3-BF4B-00C04F79EFBC}") = "06.SumReversedNumbers", "SumReversedNumbers\06.SumReversedNumbers.csproj", "{2CEAAC04-82AB-495C-9D53-CDC648308A07}"
EndProject
Project("{FAE04EC0-301F-11D3-BF4B-00C04F79EFBC}") = "07.BombNumbers", "BombNumbers\07.BombNumbers.csproj", "{3C4E9873-FD8E-491A-BABD-8BBBC80139C3}"
EndProject
Global
	GlobalSection(SolutionConfigurationPlatforms) = preSolution
		Debug|Any CPU = Debug|Any CPU
		Release|Any CPU = Release|Any CPU
	EndGlobalSection
	GlobalSection(ProjectConfigurationPlatforms) = postSolution
		{B84F739A-66DC-4700-97E4-AE70E43D146B}.Debug|Any CPU.ActiveCfg = Debug|Any CPU
		{B84F739A-66DC-4700-97E4-AE70E43D146B}.Debug|Any CPU.Build.0 = Debug|Any CPU
		{B84F739A-66DC-4700-97E4-AE70E43D146B}.Release|Any CPU.ActiveCfg = Release|Any CPU
		{B84F739A-66DC-4700-97E4-AE70E43D146B}.Release|Any CPU.Build.0 = Release|Any CPU
		{3AC37846-F969-49AF-BA8D-2EDBBC759D89}.Debug|Any CPU.ActiveCfg = Debug|Any CPU
		{3AC37846-F969-49AF-BA8D-2EDBBC759D89}.Debug|Any CPU.Build.0 = Debug|Any CPU
		{3AC37846-F969-49AF-BA8D-2EDBBC759D89}.Release|Any CPU.ActiveCfg = Release|Any CPU
		{3AC37846-F969-49AF-BA8D-2EDBBC759D89}.Release|Any CPU.Build.0 = Release|Any CPU
		{D18856F5-9816-4ACE-B35A-DAC22DC0FFDD}.Debug|Any CPU.ActiveCfg = Debug|Any CPU
		{D18856F5-9816-4ACE-B35A-DAC22DC0FFDD}.Debug|Any CPU.Build.0 = Debug|Any CPU
		{D18856F5-9816-4ACE-B35A-DAC22DC0FFDD}.Release|Any CPU.ActiveCfg = Release|Any CPU
		{D18856F5-9816-4ACE-B35A-DAC22DC0FFDD}.Release|Any CPU.Build.0 = Release|Any CPU
		{D3CC980F-E215-4D5B-A2D6-14F986539D46}.Debug|Any CPU.ActiveCfg = Debug|Any CPU
		{D3CC980F-E215-4D5B-A2D6-14F986539D46}.Debug|Any CPU.Build.0 = Debug|Any CPU
		{D3CC980F-E215-4D5B-A2D6-14F986539D46}.Release|Any CPU.ActiveCfg = Release|Any CPU
		{D3CC980F-E215-4D5B-A2D6-14F986539D46}.Release|Any CPU.Build.0 = Release|Any CPU
		{8C609D51-5FA1-4190-A36F-C840C72F1326}.Debug|Any CPU.ActiveCfg = Debug|Any CPU
		{8C609D51-5FA1-4190-A36F-C840C72F1326}.Debug|Any CPU.Build.0 = Debug|Any CPU
		{8C609D51-5FA1-4190-A36F-C840C72F1326}.Release|Any CPU.ActiveCfg = Release|Any CPU
		{8C609D51-5FA1-4190-A36F-C840C72F1326}.Release|Any CPU.Build.0 = Release|Any CPU
		{2CEAAC04-82AB-495C-9D53-CDC648308A07}.Debug|Any CPU.ActiveCfg = Debug|Any CPU
		{2CEAAC04-82AB-495C-9D53-CDC648308A07}.Debug|Any CPU.Build.0 = Debug|Any CPU
		{2CEAAC04-82AB-495C-9D53-CDC648308A07}.Release|Any CPU.ActiveCfg = Release|Any CPU
		{2CEAAC04-82AB-495C-9D53-CDC648308A07}.Release|Any CPU.Build.0 = Release|Any CPU
		{3C4E9873-FD8E-491A-BABD-8BBBC80139C3}.Debug|Any CPU.ActiveCfg = Debug|Any CPU
		{3C4E9873-FD8E-491A-BABD-8BBBC80139C3}.Debug|Any CPU.Build.0 = Debug|Any CPU
		{3C4E9873-FD8E-491A-BABD-8BBBC80139C3}.Release|Any CPU.ActiveCfg = Release|Any CPU
		{3C4E9873-FD8E-491A-BABD-8BBBC80139C3}.Release|Any CPU.Build.0 = Release|Any CPU
	EndGlobalSection
	GlobalSection(SolutionProperties) = preSolution
		HideSolutionNode = FALSE
	EndGlobalSection
	GlobalSection(ExtensibilityGlobals) = postSolution
		SolutionGuid = {8733188C-A28C-42C8-ADF2-C0FCFA269BCB}
	EndGlobalSection
EndGlobal
