
Microsoft Visual Studio Solution File, Format Version 12.00
# Visual Studio 15
VisualStudioVersion = 15.0.26730.16
MinimumVisualStudioVersion = 10.0.40219.1
Project("{FAE04EC0-301F-11D3-BF4B-00C04F79EFBC}") = "01.ExtractEmails", "ExtractEmails\01.ExtractEmails.csproj", "{36A02872-C6BD-4FBC-AA16-E27FC6324F63}"
EndProject
Project("{FAE04EC0-301F-11D3-BF4B-00C04F79EFBC}") = "02.ExtractSentencesByKeyword", "ExtractSentencesByKeyword\02.ExtractSentencesByKeyword.csproj", "{7977067E-ADE2-4D35-BAF2-F87B46F37CAB}"
EndProject
Project("{FAE04EC0-301F-11D3-BF4B-00C04F79EFBC}") = "03.CameraView", "CameraView\03.CameraView.csproj", "{7C0FD8CE-C448-4607-A09D-58A24C574319}"
EndProject
Project("{FAE04EC0-301F-11D3-BF4B-00C04F79EFBC}") = "04.Weather", "Weather\04.Weather.csproj", "{4CFCE7BA-22CB-4DA1-88B4-6C84B3A11776}"
EndProject
Project("{FAE04EC0-301F-11D3-BF4B-00C04F79EFBC}") = "05.KeyReplacer", "KeyReplacer\05.KeyReplacer.csproj", "{5070DC3C-76BB-471D-A1B7-B52189E241AD}"
EndProject
Project("{FAE04EC0-301F-11D3-BF4B-00C04F79EFBC}") = "06.ValidUsernames", "ValidUsernames\06.ValidUsernames.csproj", "{9413E6C0-52F7-4B97-B552-17F565821267}"
EndProject
Global
	GlobalSection(SolutionConfigurationPlatforms) = preSolution
		Debug|Any CPU = Debug|Any CPU
		Release|Any CPU = Release|Any CPU
	EndGlobalSection
	GlobalSection(ProjectConfigurationPlatforms) = postSolution
		{36A02872-C6BD-4FBC-AA16-E27FC6324F63}.Debug|Any CPU.ActiveCfg = Debug|Any CPU
		{36A02872-C6BD-4FBC-AA16-E27FC6324F63}.Debug|Any CPU.Build.0 = Debug|Any CPU
		{36A02872-C6BD-4FBC-AA16-E27FC6324F63}.Release|Any CPU.ActiveCfg = Release|Any CPU
		{36A02872-C6BD-4FBC-AA16-E27FC6324F63}.Release|Any CPU.Build.0 = Release|Any CPU
		{7977067E-ADE2-4D35-BAF2-F87B46F37CAB}.Debug|Any CPU.ActiveCfg = Debug|Any CPU
		{7977067E-ADE2-4D35-BAF2-F87B46F37CAB}.Debug|Any CPU.Build.0 = Debug|Any CPU
		{7977067E-ADE2-4D35-BAF2-F87B46F37CAB}.Release|Any CPU.ActiveCfg = Release|Any CPU
		{7977067E-ADE2-4D35-BAF2-F87B46F37CAB}.Release|Any CPU.Build.0 = Release|Any CPU
		{7C0FD8CE-C448-4607-A09D-58A24C574319}.Debug|Any CPU.ActiveCfg = Debug|Any CPU
		{7C0FD8CE-C448-4607-A09D-58A24C574319}.Debug|Any CPU.Build.0 = Debug|Any CPU
		{7C0FD8CE-C448-4607-A09D-58A24C574319}.Release|Any CPU.ActiveCfg = Release|Any CPU
		{7C0FD8CE-C448-4607-A09D-58A24C574319}.Release|Any CPU.Build.0 = Release|Any CPU
		{4CFCE7BA-22CB-4DA1-88B4-6C84B3A11776}.Debug|Any CPU.ActiveCfg = Debug|Any CPU
		{4CFCE7BA-22CB-4DA1-88B4-6C84B3A11776}.Debug|Any CPU.Build.0 = Debug|Any CPU
		{4CFCE7BA-22CB-4DA1-88B4-6C84B3A11776}.Release|Any CPU.ActiveCfg = Release|Any CPU
		{4CFCE7BA-22CB-4DA1-88B4-6C84B3A11776}.Release|Any CPU.Build.0 = Release|Any CPU
		{5070DC3C-76BB-471D-A1B7-B52189E241AD}.Debug|Any CPU.ActiveCfg = Debug|Any CPU
		{5070DC3C-76BB-471D-A1B7-B52189E241AD}.Debug|Any CPU.Build.0 = Debug|Any CPU
		{5070DC3C-76BB-471D-A1B7-B52189E241AD}.Release|Any CPU.ActiveCfg = Release|Any CPU
		{5070DC3C-76BB-471D-A1B7-B52189E241AD}.Release|Any CPU.Build.0 = Release|Any CPU
		{9413E6C0-52F7-4B97-B552-17F565821267}.Debug|Any CPU.ActiveCfg = Debug|Any CPU
		{9413E6C0-52F7-4B97-B552-17F565821267}.Debug|Any CPU.Build.0 = Debug|Any CPU
		{9413E6C0-52F7-4B97-B552-17F565821267}.Release|Any CPU.ActiveCfg = Release|Any CPU
		{9413E6C0-52F7-4B97-B552-17F565821267}.Release|Any CPU.Build.0 = Release|Any CPU
	EndGlobalSection
	GlobalSection(SolutionProperties) = preSolution
		HideSolutionNode = FALSE
	EndGlobalSection
	GlobalSection(ExtensibilityGlobals) = postSolution
		SolutionGuid = {62945F81-C3DD-47D7-ABFC-B59F151D306C}
	EndGlobalSection
EndGlobal
