
Microsoft Visual Studio Solution File, Format Version 12.00
# Visual Studio 15
VisualStudioVersion = 15.0.26730.16
MinimumVisualStudioVersion = 10.0.40219.1
Project("{FAE04EC0-301F-11D3-BF4B-00C04F79EFBC}") = "ExtractEmails", "ExtractEmails\ExtractEmails.csproj", "{36A02872-C6BD-4FBC-AA16-E27FC6324F63}"
EndProject
Global
	GlobalSection(SolutionConfigurationPlatforms) = preSolution
		Debug|Any CPU = Debug|Any CPU
		Release|Any CPU = Release|Any CPU
	EndGlobalSection
	GlobalSection(ProjectConfigurationPlatforms) = postSolution
		{36A02872-C6BD-4FBC-AA16-E27FC6324F63}.Debug|Any CPU.ActiveCfg = Debug|Any CPU
		{36A02872-C6BD-4FBC-AA16-E27FC6324F63}.Debug|Any CPU.Build.0 = Debug|Any CPU
		{36A02872-C6BD-4FBC-AA16-E27FC6324F63}.Release|Any CPU.ActiveCfg = Release|Any CPU
		{36A02872-C6BD-4FBC-AA16-E27FC6324F63}.Release|Any CPU.Build.0 = Release|Any CPU
	EndGlobalSection
	GlobalSection(SolutionProperties) = preSolution
		HideSolutionNode = FALSE
	EndGlobalSection
	GlobalSection(ExtensibilityGlobals) = postSolution
		SolutionGuid = {62945F81-C3DD-47D7-ABFC-B59F151D306C}
	EndGlobalSection
EndGlobal
